{
  "lockfileVersion": 1,
  "workspaces": {
    "": {
      "name": "mcp-starter",
      "dependencies": {
        "@modelcontextprotocol/sdk": "^1.1.1",
        "@types/json-schema": "^7.0.15",
        "axios": "^1.8.4",
        "dotenv": "^16.5.0",
        "pretty-js-log": "^1.1.1",
        "zod": "^3.24.1",
        "zod-to-json-schema": "^3.24.1",
      },
      "devDependencies": {
        "@biomejs/biome": "1.9.4",
        "@types/bun": "latest",
        "standard-version": "^9.5.0",
      },
      "peerDependencies": {
        "typescript": "^5.0.0",
      },
    },
  },
  "packages": {
    "@babel/code-frame": ["@babel/code-frame@7.26.2", "", { "dependencies": { "@babel/helper-validator-identifier": "^7.25.9", "js-tokens": "^4.0.0", "picocolors": "^1.0.0" } }, ""],

    "@babel/helper-validator-identifier": ["@babel/helper-validator-identifier@7.25.9", "", {}, ""],

    "@biomejs/biome": ["@biomejs/biome@1.9.4", "", { "optionalDependencies": { "@biomejs/cli-darwin-arm64": "1.9.4" }, "bin": { "biome": "bin/biome" } }, ""],

    "@biomejs/cli-darwin-arm64": ["@biomejs/cli-darwin-arm64@1.9.4", "", { "os": "darwin", "cpu": "arm64" }, ""],

    "@hutson/parse-repository-url": ["@hutson/parse-repository-url@3.0.2", "", {}, ""],

    "@modelcontextprotocol/sdk": ["@modelcontextprotocol/sdk@1.1.1", "", { "dependencies": { "content-type": "^1.0.5", "raw-body": "^3.0.0", "zod": "^3.23.8" } }, ""],

    "@types/bun": ["@types/bun@1.2.5", "", { "dependencies": { "bun-types": "1.2.5" } }, "sha512-w2OZTzrZTVtbnJew1pdFmgV99H0/L+Pvw+z1P67HaR18MHOzYnTYOi6qzErhK8HyT+DB782ADVPPE92Xu2/Opg=="],

    "@types/json-schema": ["@types/json-schema@7.0.15", "", {}, ""],

    "@types/minimist": ["@types/minimist@1.2.5", "", {}, ""],

    "@types/node": ["@types/node@22.13.10", "", { "dependencies": { "undici-types": "~6.20.0" } }, "sha512-I6LPUvlRH+O6VRUqYOcMudhaIdUVWfsjnZavnsraHvpBwaEyMN29ry+0UVJhImYL16xsscu0aske3yA+uPOWfw=="],

    "@types/normalize-package-data": ["@types/normalize-package-data@2.4.4", "", {}, ""],

    "@types/ws": ["@types/ws@8.5.14", "", { "dependencies": { "@types/node": "*" } }, "sha512-bd/YFLW+URhBzMXurx7lWByOu+xzU9+kb3RboOteXYDfW+tr+JZa99OyNmPINEGB/ahzKrEuc8rcv4gnpJmxTw=="],

    "JSONStream": ["JSONStream@1.3.5", "", { "dependencies": { "jsonparse": "^1.2.0", "through": ">=2.2.7 <3" }, "bin": "bin.js" }, ""],

    "add-stream": ["add-stream@1.0.0", "", {}, ""],

    "ansi-regex": ["ansi-regex@5.0.1", "", {}, ""],

    "ansi-styles": ["ansi-styles@3.2.1", "", { "dependencies": { "color-convert": "^1.9.0" } }, ""],

    "array-ify": ["array-ify@1.0.0", "", {}, ""],

    "arrify": ["arrify@1.0.1", "", {}, ""],

    "asynckit": ["asynckit@0.4.0", "", {}, "sha512-Oei9OH4tRh0YqU3GxhX79dM/mwVgvbZJaSNaRk+bshkj0S5cfHcgYakreBjrHwatXKbz+IoIdYLxrKim2MjW0Q=="],

    "axios": ["axios@1.8.4", "", { "dependencies": { "follow-redirects": "^1.15.6", "form-data": "^4.0.0", "proxy-from-env": "^1.1.0" } }, "sha512-eBSYY4Y68NNlHbHBMdeDmKNtDgXWhQsJcGqzO3iLUM0GraQFSS9cVgPX5I9b3lbdFKyYoAEGAZF1DwhTaljNAw=="],

    "balanced-match": ["balanced-match@1.0.2", "", {}, ""],

    "brace-expansion": ["brace-expansion@1.1.11", "", { "dependencies": { "balanced-match": "^1.0.0", "concat-map": "0.0.1" } }, ""],

    "buffer-from": ["buffer-from@1.1.2", "", {}, ""],

    "bun-types": ["bun-types@1.2.5", "", { "dependencies": { "@types/node": "*", "@types/ws": "~8.5.10" } }, "sha512-3oO6LVGGRRKI4kHINx5PIdIgnLRb7l/SprhzqXapmoYkFl5m4j6EvALvbDVuuBFaamB46Ap6HCUxIXNLCGy+tg=="],

    "bytes": ["bytes@3.1.2", "", {}, ""],

    "call-bind-apply-helpers": ["call-bind-apply-helpers@1.0.2", "", { "dependencies": { "es-errors": "^1.3.0", "function-bind": "^1.1.2" } }, "sha512-Sp1ablJ0ivDkSzjcaJdxEunN5/XvksFJ2sMBFfq6x0ryhQV/2b/KwFe21cMpmHtPOSij8K99/wSfoEuTObmuMQ=="],

    "camelcase": ["camelcase@5.3.1", "", {}, ""],

    "camelcase-keys": ["camelcase-keys@6.2.2", "", { "dependencies": { "camelcase": "^5.3.1", "map-obj": "^4.0.0", "quick-lru": "^4.0.1" } }, ""],

    "chalk": ["chalk@2.4.2", "", { "dependencies": { "ansi-styles": "^3.2.1", "escape-string-regexp": "^1.0.5", "supports-color": "^5.3.0" } }, ""],

    "cliui": ["cliui@7.0.4", "", { "dependencies": { "string-width": "^4.2.0", "strip-ansi": "^6.0.0", "wrap-ansi": "^7.0.0" } }, ""],

    "color-convert": ["color-convert@1.9.3", "", { "dependencies": { "color-name": "1.1.3" } }, ""],

    "color-name": ["color-name@1.1.3", "", {}, ""],

    "combined-stream": ["combined-stream@1.0.8", "", { "dependencies": { "delayed-stream": "~1.0.0" } }, "sha512-FQN4MRfuJeHf7cBbBMJFXhKSDq+2kAArBlmRBvcvFE5BB1HZKXtSFASDhdlz9zOYwxh8lDdnvmMOe/+5cdoEdg=="],

    "compare-func": ["compare-func@2.0.0", "", { "dependencies": { "array-ify": "^1.0.0", "dot-prop": "^5.1.0" } }, ""],

    "concat-map": ["concat-map@0.0.1", "", {}, ""],

    "concat-stream": ["concat-stream@2.0.0", "", { "dependencies": { "buffer-from": "^1.0.0", "inherits": "^2.0.3", "readable-stream": "^3.0.2", "typedarray": "^0.0.6" } }, ""],

    "content-type": ["content-type@1.0.5", "", {}, ""],

    "conventional-changelog": ["conventional-changelog@3.1.25", "", { "dependencies": { "conventional-changelog-angular": "^5.0.12", "conventional-changelog-atom": "^2.0.8", "conventional-changelog-codemirror": "^2.0.8", "conventional-changelog-conventionalcommits": "^4.5.0", "conventional-changelog-core": "^4.2.1", "conventional-changelog-ember": "^2.0.9", "conventional-changelog-eslint": "^3.0.9", "conventional-changelog-express": "^2.0.6", "conventional-changelog-jquery": "^3.0.11", "conventional-changelog-jshint": "^2.0.9", "conventional-changelog-preset-loader": "^2.3.4" } }, ""],

    "conventional-changelog-angular": ["conventional-changelog-angular@5.0.13", "", { "dependencies": { "compare-func": "^2.0.0", "q": "^1.5.1" } }, ""],

    "conventional-changelog-atom": ["conventional-changelog-atom@2.0.8", "", { "dependencies": { "q": "^1.5.1" } }, ""],

    "conventional-changelog-codemirror": ["conventional-changelog-codemirror@2.0.8", "", { "dependencies": { "q": "^1.5.1" } }, ""],

    "conventional-changelog-config-spec": ["conventional-changelog-config-spec@2.1.0", "", {}, ""],

    "conventional-changelog-conventionalcommits": ["conventional-changelog-conventionalcommits@4.6.3", "", { "dependencies": { "compare-func": "^2.0.0", "lodash": "^4.17.15", "q": "^1.5.1" } }, ""],

    "conventional-changelog-core": ["conventional-changelog-core@4.2.4", "", { "dependencies": { "add-stream": "^1.0.0", "conventional-changelog-writer": "^5.0.0", "conventional-commits-parser": "^3.2.0", "dateformat": "^3.0.0", "get-pkg-repo": "^4.0.0", "git-raw-commits": "^2.0.8", "git-remote-origin-url": "^2.0.0", "git-semver-tags": "^4.1.1", "lodash": "^4.17.15", "normalize-package-data": "^3.0.0", "q": "^1.5.1", "read-pkg": "^3.0.0", "read-pkg-up": "^3.0.0", "through2": "^4.0.0" } }, ""],

    "conventional-changelog-ember": ["conventional-changelog-ember@2.0.9", "", { "dependencies": { "q": "^1.5.1" } }, ""],

    "conventional-changelog-eslint": ["conventional-changelog-eslint@3.0.9", "", { "dependencies": { "q": "^1.5.1" } }, ""],

    "conventional-changelog-express": ["conventional-changelog-express@2.0.6", "", { "dependencies": { "q": "^1.5.1" } }, ""],

    "conventional-changelog-jquery": ["conventional-changelog-jquery@3.0.11", "", { "dependencies": { "q": "^1.5.1" } }, ""],

    "conventional-changelog-jshint": ["conventional-changelog-jshint@2.0.9", "", { "dependencies": { "compare-func": "^2.0.0", "q": "^1.5.1" } }, ""],

    "conventional-changelog-preset-loader": ["conventional-changelog-preset-loader@2.3.4", "", {}, ""],

    "conventional-changelog-writer": ["conventional-changelog-writer@5.0.1", "", { "dependencies": { "conventional-commits-filter": "^2.0.7", "dateformat": "^3.0.0", "handlebars": "^4.7.7", "json-stringify-safe": "^5.0.1", "lodash": "^4.17.15", "meow": "^8.0.0", "semver": "^6.0.0", "split": "^1.0.0", "through2": "^4.0.0" }, "bin": "cli.js" }, ""],

    "conventional-commits-filter": ["conventional-commits-filter@2.0.7", "", { "dependencies": { "lodash.ismatch": "^4.4.0", "modify-values": "^1.0.0" } }, ""],

    "conventional-commits-parser": ["conventional-commits-parser@3.2.4", "", { "dependencies": { "JSONStream": "^1.0.4", "is-text-path": "^1.0.1", "lodash": "^4.17.15", "meow": "^8.0.0", "split2": "^3.0.0", "through2": "^4.0.0" }, "bin": "cli.js" }, ""],

    "conventional-recommended-bump": ["conventional-recommended-bump@6.1.0", "", { "dependencies": { "concat-stream": "^2.0.0", "conventional-changelog-preset-loader": "^2.3.4", "conventional-commits-filter": "^2.0.7", "conventional-commits-parser": "^3.2.0", "git-raw-commits": "^2.0.8", "git-semver-tags": "^4.1.1", "meow": "^8.0.0", "q": "^1.5.1" }, "bin": "cli.js" }, ""],

    "core-util-is": ["core-util-is@1.0.3", "", {}, ""],

    "dargs": ["dargs@7.0.0", "", {}, ""],

    "dateformat": ["dateformat@3.0.3", "", {}, ""],

    "decamelize": ["decamelize@1.2.0", "", {}, ""],

    "decamelize-keys": ["decamelize-keys@1.1.1", "", { "dependencies": { "decamelize": "^1.1.0", "map-obj": "^1.0.0" } }, ""],

    "delayed-stream": ["delayed-stream@1.0.0", "", {}, "sha512-ZySD7Nf91aLB0RxL4KGrKHBXl7Eds1DAmEdcoVawXnLD7SDhpNgtuII2aAkg7a7QS41jxPSZ17p4VdGnMHk3MQ=="],

    "depd": ["depd@2.0.0", "", {}, ""],

    "detect-indent": ["detect-indent@6.1.0", "", {}, ""],

    "detect-newline": ["detect-newline@3.1.0", "", {}, ""],

    "dot-prop": ["dot-prop@5.3.0", "", { "dependencies": { "is-obj": "^2.0.0" } }, ""],

    "dotenv": ["dotenv@16.5.0", "", {}, "sha512-m/C+AwOAr9/W1UOIZUo232ejMNnJAJtYQjUbHoNTBNTJSvqzzDh7vnrei3o3r3m9blf6ZoDkvcw0VmozNRFJxg=="],

    "dotgitignore": ["dotgitignore@2.1.0", "", { "dependencies": { "find-up": "^3.0.0", "minimatch": "^3.0.4" } }, ""],

    "dunder-proto": ["dunder-proto@1.0.1", "", { "dependencies": { "call-bind-apply-helpers": "^1.0.1", "es-errors": "^1.3.0", "gopd": "^1.2.0" } }, "sha512-KIN/nDJBQRcXw0MLVhZE9iQHmG68qAVIBg9CqmUYjmQIhgij9U5MFvrqkUL5FbtyyzZuOeOt0zdeRe4UY7ct+A=="],

    "emoji-regex": ["emoji-regex@8.0.0", "", {}, ""],

    "error-ex": ["error-ex@1.3.2", "", { "dependencies": { "is-arrayish": "^0.2.1" } }, ""],

    "es-define-property": ["es-define-property@1.0.1", "", {}, "sha512-e3nRfgfUZ4rNGL232gUgX06QNyyez04KdjFrF+LTRoOXmrOgFKDg4BCdsjW8EnT69eqdYGmRpJwiPVYNrCaW3g=="],

    "es-errors": ["es-errors@1.3.0", "", {}, "sha512-Zf5H2Kxt2xjTvbJvP2ZWLEICxA6j+hAmMzIlypy4xcBg1vKVnx89Wy0GbS+kf5cwCVFFzdCFh2XSCFNULS6csw=="],

    "es-object-atoms": ["es-object-atoms@1.1.1", "", { "dependencies": { "es-errors": "^1.3.0" } }, "sha512-FGgH2h8zKNim9ljj7dankFPcICIK9Cp5bm+c2gQSYePhpaG5+esrLODihIorn+Pe6FGJzWhXQotPv73jTaldXA=="],

    "es-set-tostringtag": ["es-set-tostringtag@2.1.0", "", { "dependencies": { "es-errors": "^1.3.0", "get-intrinsic": "^1.2.6", "has-tostringtag": "^1.0.2", "hasown": "^2.0.2" } }, "sha512-j6vWzfrGVfyXxge+O0x5sh6cvxAog0a/4Rdd2K36zCMV5eJ+/+tOAngRO8cODMNWbVRdVlmGZQL2YS3yR8bIUA=="],

    "escalade": ["escalade@3.2.0", "", {}, ""],

    "escape-string-regexp": ["escape-string-regexp@1.0.5", "", {}, ""],

    "figures": ["figures@3.2.0", "", { "dependencies": { "escape-string-regexp": "^1.0.5" } }, ""],

    "find-up": ["find-up@5.0.0", "", { "dependencies": { "locate-path": "^6.0.0", "path-exists": "^4.0.0" } }, ""],

    "follow-redirects": ["follow-redirects@1.15.9", "", {}, "sha512-gew4GsXizNgdoRyqmyfMHyAmXsZDk6mHkSxZFCzW9gwlbtOW44CDtYavM+y+72qD/Vq2l550kMF52DT8fOLJqQ=="],

    "form-data": ["form-data@4.0.2", "", { "dependencies": { "asynckit": "^0.4.0", "combined-stream": "^1.0.8", "es-set-tostringtag": "^2.1.0", "mime-types": "^2.1.12" } }, "sha512-hGfm/slu0ZabnNt4oaRZ6uREyfCj6P4fT/n6A1rGV+Z0VdGXjfOhVUpkn6qVQONHGIFwmveGXyDs75+nr6FM8w=="],

    "function-bind": ["function-bind@1.1.2", "", {}, ""],

    "get-caller-file": ["get-caller-file@2.0.5", "", {}, ""],

    "get-intrinsic": ["get-intrinsic@1.3.0", "", { "dependencies": { "call-bind-apply-helpers": "^1.0.2", "es-define-property": "^1.0.1", "es-errors": "^1.3.0", "es-object-atoms": "^1.1.1", "function-bind": "^1.1.2", "get-proto": "^1.0.1", "gopd": "^1.2.0", "has-symbols": "^1.1.0", "hasown": "^2.0.2", "math-intrinsics": "^1.1.0" } }, "sha512-9fSjSaos/fRIVIp+xSJlE6lfwhES7LNtKaCBIamHsjr2na1BiABJPo0mOjjz8GJDURarmCPGqaiVg5mfjb98CQ=="],

    "get-pkg-repo": ["get-pkg-repo@4.2.1", "", { "dependencies": { "@hutson/parse-repository-url": "^3.0.0", "hosted-git-info": "^4.0.0", "through2": "^2.0.0", "yargs": "^16.2.0" }, "bin": "src/cli.js" }, ""],

    "get-proto": ["get-proto@1.0.1", "", { "dependencies": { "dunder-proto": "^1.0.1", "es-object-atoms": "^1.0.0" } }, "sha512-sTSfBjoXBp89JvIKIefqw7U2CCebsc74kiY6awiGogKtoSGbgjYE/G/+l9sF3MWFPNc9IcoOC4ODfKHfxFmp0g=="],

    "git-raw-commits": ["git-raw-commits@2.0.11", "", { "dependencies": { "dargs": "^7.0.0", "lodash": "^4.17.15", "meow": "^8.0.0", "split2": "^3.0.0", "through2": "^4.0.0" }, "bin": "cli.js" }, ""],

    "git-remote-origin-url": ["git-remote-origin-url@2.0.0", "", { "dependencies": { "gitconfiglocal": "^1.0.0", "pify": "^2.3.0" } }, ""],

    "git-semver-tags": ["git-semver-tags@4.1.1", "", { "dependencies": { "meow": "^8.0.0", "semver": "^6.0.0" }, "bin": "cli.js" }, ""],

    "gitconfiglocal": ["gitconfiglocal@1.0.0", "", { "dependencies": { "ini": "^1.3.2" } }, ""],

    "gopd": ["gopd@1.2.0", "", {}, "sha512-ZUKRh6/kUFoAiTAtTYPZJ3hw9wNxx+BIBOijnlG9PnrJsCcSjs1wyyD6vJpaYtgnzDrKYRSqf3OO6Rfa93xsRg=="],

    "graceful-fs": ["graceful-fs@4.2.11", "", {}, ""],

    "handlebars": ["handlebars@4.7.8", "", { "dependencies": { "minimist": "^1.2.5", "neo-async": "^2.6.2", "source-map": "^0.6.1", "wordwrap": "^1.0.0" }, "optionalDependencies": { "uglify-js": "^3.1.4" }, "bin": "bin/handlebars" }, ""],

    "hard-rejection": ["hard-rejection@2.1.0", "", {}, ""],

    "has-flag": ["has-flag@3.0.0", "", {}, ""],

    "has-symbols": ["has-symbols@1.1.0", "", {}, "sha512-1cDNdwJ2Jaohmb3sg4OmKaMBwuC48sYni5HUw2DvsC8LjGTLK9h+eb1X6RyuOHe4hT0ULCW68iomhjUoKUqlPQ=="],

    "has-tostringtag": ["has-tostringtag@1.0.2", "", { "dependencies": { "has-symbols": "^1.0.3" } }, "sha512-NqADB8VjPFLM2V0VvHUewwwsw0ZWBaIdgo+ieHtK3hasLz4qeCRjYcqfB6AQrBggRKppKF8L52/VqdVsO47Dlw=="],

    "hasown": ["hasown@2.0.2", "", { "dependencies": { "function-bind": "^1.1.2" } }, ""],

    "hosted-git-info": ["hosted-git-info@4.1.0", "", { "dependencies": { "lru-cache": "^6.0.0" } }, ""],

    "http-errors": ["http-errors@2.0.0", "", { "dependencies": { "depd": "2.0.0", "inherits": "2.0.4", "setprototypeof": "1.2.0", "statuses": "2.0.1", "toidentifier": "1.0.1" } }, ""],

    "iconv-lite": ["iconv-lite@0.6.3", "", { "dependencies": { "safer-buffer": ">= 2.1.2 < 3.0.0" } }, ""],

    "indent-string": ["indent-string@4.0.0", "", {}, ""],

    "inherits": ["inherits@2.0.4", "", {}, ""],

    "ini": ["ini@1.3.8", "", {}, ""],

    "is-arrayish": ["is-arrayish@0.2.1", "", {}, ""],

    "is-core-module": ["is-core-module@2.16.1", "", { "dependencies": { "hasown": "^2.0.2" } }, ""],

    "is-fullwidth-code-point": ["is-fullwidth-code-point@3.0.0", "", {}, ""],

    "is-obj": ["is-obj@2.0.0", "", {}, ""],

    "is-plain-obj": ["is-plain-obj@1.1.0", "", {}, ""],

    "is-text-path": ["is-text-path@1.0.1", "", { "dependencies": { "text-extensions": "^1.0.0" } }, ""],

    "isarray": ["isarray@1.0.0", "", {}, ""],

    "js-tokens": ["js-tokens@4.0.0", "", {}, ""],

    "json-parse-better-errors": ["json-parse-better-errors@1.0.2", "", {}, ""],

    "json-parse-even-better-errors": ["json-parse-even-better-errors@2.3.1", "", {}, ""],

    "json-stringify-safe": ["json-stringify-safe@5.0.1", "", {}, ""],

    "jsonparse": ["jsonparse@1.3.1", "", {}, ""],

    "kind-of": ["kind-of@6.0.3", "", {}, ""],

    "lines-and-columns": ["lines-and-columns@1.2.4", "", {}, ""],

    "load-json-file": ["load-json-file@4.0.0", "", { "dependencies": { "graceful-fs": "^4.1.2", "parse-json": "^4.0.0", "pify": "^3.0.0", "strip-bom": "^3.0.0" } }, ""],

    "locate-path": ["locate-path@6.0.0", "", { "dependencies": { "p-locate": "^5.0.0" } }, ""],

    "lodash": ["lodash@4.17.21", "", {}, ""],

    "lodash.ismatch": ["lodash.ismatch@4.4.0", "", {}, ""],

    "lru-cache": ["lru-cache@6.0.0", "", { "dependencies": { "yallist": "^4.0.0" } }, ""],

    "map-obj": ["map-obj@4.3.0", "", {}, ""],

    "math-intrinsics": ["math-intrinsics@1.1.0", "", {}, "sha512-/IXtbwEk5HTPyEwyKX6hGkYXxM9nbj64B+ilVJnC/R6B0pH5G4V3b0pVbL7DBj4tkhBAppbQUlf6F6Xl9LHu1g=="],

    "meow": ["meow@8.1.2", "", { "dependencies": { "@types/minimist": "^1.2.0", "camelcase-keys": "^6.2.2", "decamelize-keys": "^1.1.0", "hard-rejection": "^2.1.0", "minimist-options": "4.1.0", "normalize-package-data": "^3.0.0", "read-pkg-up": "^7.0.1", "redent": "^3.0.0", "trim-newlines": "^3.0.0", "type-fest": "^0.18.0", "yargs-parser": "^20.2.3" } }, ""],

    "mime-db": ["mime-db@1.52.0", "", {}, "sha512-sPU4uV7dYlvtWJxwwxHD0PuihVNiE7TyAbQ5SWxDCB9mUYvOgroQOwYQQOKPJ8CIbE+1ETVlOoK1UC2nU3gYvg=="],

    "mime-types": ["mime-types@2.1.35", "", { "dependencies": { "mime-db": "1.52.0" } }, "sha512-ZDY+bPm5zTTF+YpCrAU9nK0UgICYPT0QtT1NZWFv4s++TNkcgVaT0g6+4R2uI4MjQjzysHB1zxuWL50hzaeXiw=="],

    "min-indent": ["min-indent@1.0.1", "", {}, ""],

    "minimatch": ["minimatch@3.1.2", "", { "dependencies": { "brace-expansion": "^1.1.7" } }, ""],

    "minimist": ["minimist@1.2.8", "", {}, ""],

    "minimist-options": ["minimist-options@4.1.0", "", { "dependencies": { "arrify": "^1.0.1", "is-plain-obj": "^1.1.0", "kind-of": "^6.0.3" } }, ""],

    "modify-values": ["modify-values@1.0.1", "", {}, ""],

    "neo-async": ["neo-async@2.6.2", "", {}, ""],

    "normalize-package-data": ["normalize-package-data@3.0.3", "", { "dependencies": { "hosted-git-info": "^4.0.1", "is-core-module": "^2.5.0", "semver": "^7.3.4", "validate-npm-package-license": "^3.0.1" } }, ""],

    "p-limit": ["p-limit@3.1.0", "", { "dependencies": { "yocto-queue": "^0.1.0" } }, ""],

    "p-locate": ["p-locate@5.0.0", "", { "dependencies": { "p-limit": "^3.0.2" } }, ""],

    "p-try": ["p-try@2.2.0", "", {}, ""],

    "parse-json": ["parse-json@4.0.0", "", { "dependencies": { "error-ex": "^1.3.1", "json-parse-better-errors": "^1.0.1" } }, ""],

    "path-exists": ["path-exists@4.0.0", "", {}, ""],

    "path-parse": ["path-parse@1.0.7", "", {}, ""],

    "path-type": ["path-type@3.0.0", "", { "dependencies": { "pify": "^3.0.0" } }, ""],

    "picocolors": ["picocolors@1.1.1", "", {}, ""],

    "pify": ["pify@2.3.0", "", {}, ""],

    "pretty-js-log": ["pretty-js-log@1.1.1", "", {}, ""],

    "process-nextick-args": ["process-nextick-args@2.0.1", "", {}, ""],

    "proxy-from-env": ["proxy-from-env@1.1.0", "", {}, "sha512-D+zkORCbA9f1tdWRK0RaCR3GPv50cMxcrz4X8k5LTSUD1Dkw47mKJEZQNunItRTkWwgtaUSo1RVFRIG9ZXiFYg=="],

    "q": ["q@1.5.1", "", {}, ""],

    "quick-lru": ["quick-lru@4.0.1", "", {}, ""],

    "raw-body": ["raw-body@3.0.0", "", { "dependencies": { "bytes": "3.1.2", "http-errors": "2.0.0", "iconv-lite": "0.6.3", "unpipe": "1.0.0" } }, ""],

    "read-pkg": ["read-pkg@3.0.0", "", { "dependencies": { "load-json-file": "^4.0.0", "normalize-package-data": "^2.3.2", "path-type": "^3.0.0" } }, ""],

    "read-pkg-up": ["read-pkg-up@3.0.0", "", { "dependencies": { "find-up": "^2.0.0", "read-pkg": "^3.0.0" } }, ""],

    "readable-stream": ["readable-stream@3.6.2", "", { "dependencies": { "inherits": "^2.0.3", "string_decoder": "^1.1.1", "util-deprecate": "^1.0.1" } }, ""],

    "redent": ["redent@3.0.0", "", { "dependencies": { "indent-string": "^4.0.0", "strip-indent": "^3.0.0" } }, ""],

    "require-directory": ["require-directory@2.1.1", "", {}, ""],

    "resolve": ["resolve@1.22.10", "", { "dependencies": { "is-core-module": "^2.16.0", "path-parse": "^1.0.7", "supports-preserve-symlinks-flag": "^1.0.0" }, "bin": "bin/resolve" }, ""],

    "safe-buffer": ["safe-buffer@5.2.1", "", {}, ""],

    "safer-buffer": ["safer-buffer@2.1.2", "", {}, ""],

    "semver": ["semver@7.6.3", "", { "bin": "bin/semver.js" }, ""],

    "setprototypeof": ["setprototypeof@1.2.0", "", {}, ""],

    "source-map": ["source-map@0.6.1", "", {}, ""],

    "spdx-correct": ["spdx-correct@3.2.0", "", { "dependencies": { "spdx-expression-parse": "^3.0.0", "spdx-license-ids": "^3.0.0" } }, ""],

    "spdx-exceptions": ["spdx-exceptions@2.5.0", "", {}, ""],

    "spdx-expression-parse": ["spdx-expression-parse@3.0.1", "", { "dependencies": { "spdx-exceptions": "^2.1.0", "spdx-license-ids": "^3.0.0" } }, ""],

    "spdx-license-ids": ["spdx-license-ids@3.0.21", "", {}, ""],

    "split": ["split@1.0.1", "", { "dependencies": { "through": "2" } }, ""],

    "split2": ["split2@3.2.2", "", { "dependencies": { "readable-stream": "^3.0.0" } }, ""],

    "standard-version": ["standard-version@9.5.0", "", { "dependencies": { "chalk": "^2.4.2", "conventional-changelog": "3.1.25", "conventional-changelog-config-spec": "2.1.0", "conventional-changelog-conventionalcommits": "4.6.3", "conventional-recommended-bump": "6.1.0", "detect-indent": "^6.0.0", "detect-newline": "^3.1.0", "dotgitignore": "^2.1.0", "figures": "^3.1.0", "find-up": "^5.0.0", "git-semver-tags": "^4.0.0", "semver": "^7.1.1", "stringify-package": "^1.0.1", "yargs": "^16.0.0" }, "bin": "bin/cli.js" }, ""],

    "statuses": ["statuses@2.0.1", "", {}, ""],

    "string-width": ["string-width@4.2.3", "", { "dependencies": { "emoji-regex": "^8.0.0", "is-fullwidth-code-point": "^3.0.0", "strip-ansi": "^6.0.1" } }, ""],

    "string_decoder": ["string_decoder@1.3.0", "", { "dependencies": { "safe-buffer": "~5.2.0" } }, ""],

    "stringify-package": ["stringify-package@1.0.1", "", {}, ""],

    "strip-ansi": ["strip-ansi@6.0.1", "", { "dependencies": { "ansi-regex": "^5.0.1" } }, ""],

    "strip-bom": ["strip-bom@3.0.0", "", {}, ""],

    "strip-indent": ["strip-indent@3.0.0", "", { "dependencies": { "min-indent": "^1.0.0" } }, ""],

    "supports-color": ["supports-color@5.5.0", "", { "dependencies": { "has-flag": "^3.0.0" } }, ""],

    "supports-preserve-symlinks-flag": ["supports-preserve-symlinks-flag@1.0.0", "", {}, ""],

    "text-extensions": ["text-extensions@1.9.0", "", {}, ""],

    "through": ["through@2.3.8", "", {}, ""],

    "through2": ["through2@4.0.2", "", { "dependencies": { "readable-stream": "3" } }, ""],

    "toidentifier": ["toidentifier@1.0.1", "", {}, ""],

    "trim-newlines": ["trim-newlines@3.0.1", "", {}, ""],

    "type-fest": ["type-fest@0.18.1", "", {}, ""],

    "typedarray": ["typedarray@0.0.6", "", {}, ""],

    "typescript": ["typescript@5.7.3", "", { "bin": { "tsc": "bin/tsc", "tsserver": "bin/tsserver" } }, ""],

    "uglify-js": ["uglify-js@3.19.3", "", { "bin": { "uglifyjs": "bin/uglifyjs" } }, ""],

    "undici-types": ["undici-types@6.20.0", "", {}, "sha512-Ny6QZ2Nju20vw1SRHe3d9jVu6gJ+4e3+MMpqu7pqE5HT6WsTSlce++GQmK5UXS8mzV8DSYHrQH+Xrf2jVcuKNg=="],

    "unpipe": ["unpipe@1.0.0", "", {}, ""],

    "util-deprecate": ["util-deprecate@1.0.2", "", {}, ""],

    "validate-npm-package-license": ["validate-npm-package-license@3.0.4", "", { "dependencies": { "spdx-correct": "^3.0.0", "spdx-expression-parse": "^3.0.0" } }, ""],

    "wordwrap": ["wordwrap@1.0.0", "", {}, ""],

    "wrap-ansi": ["wrap-ansi@7.0.0", "", { "dependencies": { "ansi-styles": "^4.0.0", "string-width": "^4.1.0", "strip-ansi": "^6.0.0" } }, ""],

    "xtend": ["xtend@4.0.2", "", {}, ""],

    "y18n": ["y18n@5.0.8", "", {}, ""],

    "yallist": ["yallist@4.0.0", "", {}, ""],

    "yargs": ["yargs@16.2.0", "", { "dependencies": { "cliui": "^7.0.2", "escalade": "^3.1.1", "get-caller-file": "^2.0.5", "require-directory": "^2.1.1", "string-width": "^4.2.0", "y18n": "^5.0.5", "yargs-parser": "^20.2.2" } }, ""],

    "yargs-parser": ["yargs-parser@20.2.9", "", {}, ""],

    "yocto-queue": ["yocto-queue@0.1.0", "", {}, ""],

    "zod": ["zod@3.24.1", "", {}, ""],

    "zod-to-json-schema": ["zod-to-json-schema@3.24.1", "", { "peerDependencies": { "zod": "^3.24.1" } }, ""],

    "conventional-changelog-writer/semver": ["semver@6.3.1", "", { "bin": "bin/semver.js" }, ""],

    "decamelize-keys/map-obj": ["map-obj@1.0.1", "", {}, ""],

    "dotgitignore/find-up": ["find-up@3.0.0", "", { "dependencies": { "locate-path": "^3.0.0" } }, ""],

    "get-pkg-repo/through2": ["through2@2.0.5", "", { "dependencies": { "readable-stream": "~2.3.6", "xtend": "~4.0.1" } }, ""],

    "git-semver-tags/semver": ["semver@6.3.1", "", { "bin": "bin/semver.js" }, ""],

    "load-json-file/pify": ["pify@3.0.0", "", {}, ""],

    "meow/read-pkg-up": ["read-pkg-up@7.0.1", "", { "dependencies": { "find-up": "^4.1.0", "read-pkg": "^5.2.0", "type-fest": "^0.8.1" } }, ""],

    "path-type/pify": ["pify@3.0.0", "", {}, ""],

    "read-pkg/normalize-package-data": ["normalize-package-data@2.5.0", "", { "dependencies": { "hosted-git-info": "^2.1.4", "resolve": "^1.10.0", "semver": "2 || 3 || 4 || 5", "validate-npm-package-license": "^3.0.1" } }, ""],

    "read-pkg-up/find-up": ["find-up@2.1.0", "", { "dependencies": { "locate-path": "^2.0.0" } }, ""],

    "wrap-ansi/ansi-styles": ["ansi-styles@4.3.0", "", { "dependencies": { "color-convert": "^2.0.1" } }, ""],

    "dotgitignore/find-up/locate-path": ["locate-path@3.0.0", "", { "dependencies": { "p-locate": "^3.0.0", "path-exists": "^3.0.0" } }, ""],

    "get-pkg-repo/through2/readable-stream": ["readable-stream@2.3.8", "", { "dependencies": { "core-util-is": "~1.0.0", "inherits": "~2.0.3", "isarray": "~1.0.0", "process-nextick-args": "~2.0.0", "safe-buffer": "~5.1.1", "string_decoder": "~1.1.1", "util-deprecate": "~1.0.1" } }, ""],

    "meow/read-pkg-up/find-up": ["find-up@4.1.0", "", { "dependencies": { "locate-path": "^5.0.0", "path-exists": "^4.0.0" } }, ""],

    "meow/read-pkg-up/read-pkg": ["read-pkg@5.2.0", "", { "dependencies": { "@types/normalize-package-data": "^2.4.0", "normalize-package-data": "^2.5.0", "parse-json": "^5.0.0", "type-fest": "^0.6.0" } }, ""],

    "meow/read-pkg-up/type-fest": ["type-fest@0.8.1", "", {}, ""],

    "read-pkg-up/find-up/locate-path": ["locate-path@2.0.0", "", { "dependencies": { "p-locate": "^2.0.0", "path-exists": "^3.0.0" } }, ""],

    "read-pkg/normalize-package-data/hosted-git-info": ["hosted-git-info@2.8.9", "", {}, ""],

    "read-pkg/normalize-package-data/semver": ["semver@5.7.2", "", { "bin": "bin/semver" }, ""],

    "wrap-ansi/ansi-styles/color-convert": ["color-convert@2.0.1", "", { "dependencies": { "color-name": "~1.1.4" } }, ""],

    "dotgitignore/find-up/locate-path/p-locate": ["p-locate@3.0.0", "", { "dependencies": { "p-limit": "^2.0.0" } }, ""],

    "dotgitignore/find-up/locate-path/path-exists": ["path-exists@3.0.0", "", {}, ""],

    "get-pkg-repo/through2/readable-stream/safe-buffer": ["safe-buffer@5.1.2", "", {}, ""],

    "get-pkg-repo/through2/readable-stream/string_decoder": ["string_decoder@1.1.1", "", { "dependencies": { "safe-buffer": "~5.1.0" } }, ""],

    "meow/read-pkg-up/find-up/locate-path": ["locate-path@5.0.0", "", { "dependencies": { "p-locate": "^4.1.0" } }, ""],

    "meow/read-pkg-up/read-pkg/normalize-package-data": ["normalize-package-data@2.5.0", "", { "dependencies": { "hosted-git-info": "^2.1.4", "resolve": "^1.10.0", "semver": "2 || 3 || 4 || 5", "validate-npm-package-license": "^3.0.1" } }, ""],

    "meow/read-pkg-up/read-pkg/parse-json": ["parse-json@5.2.0", "", { "dependencies": { "@babel/code-frame": "^7.0.0", "error-ex": "^1.3.1", "json-parse-even-better-errors": "^2.3.0", "lines-and-columns": "^1.1.6" } }, ""],

    "meow/read-pkg-up/read-pkg/type-fest": ["type-fest@0.6.0", "", {}, ""],

    "read-pkg-up/find-up/locate-path/p-locate": ["p-locate@2.0.0", "", { "dependencies": { "p-limit": "^1.1.0" } }, ""],

    "read-pkg-up/find-up/locate-path/path-exists": ["path-exists@3.0.0", "", {}, ""],

    "wrap-ansi/ansi-styles/color-convert/color-name": ["color-name@1.1.4", "", {}, ""],

    "dotgitignore/find-up/locate-path/p-locate/p-limit": ["p-limit@2.3.0", "", { "dependencies": { "p-try": "^2.0.0" } }, ""],

    "meow/read-pkg-up/find-up/locate-path/p-locate": ["p-locate@4.1.0", "", { "dependencies": { "p-limit": "^2.2.0" } }, ""],

    "meow/read-pkg-up/read-pkg/normalize-package-data/hosted-git-info": ["hosted-git-info@2.8.9", "", {}, ""],

    "meow/read-pkg-up/read-pkg/normalize-package-data/semver": ["semver@5.7.2", "", { "bin": "bin/semver" }, ""],

    "read-pkg-up/find-up/locate-path/p-locate/p-limit": ["p-limit@1.3.0", "", { "dependencies": { "p-try": "^1.0.0" } }, ""],

    "meow/read-pkg-up/find-up/locate-path/p-locate/p-limit": ["p-limit@2.3.0", "", { "dependencies": { "p-try": "^2.0.0" } }, ""],

    "read-pkg-up/find-up/locate-path/p-locate/p-limit/p-try": ["p-try@1.0.0", "", {}, ""],
  }
}
